// !$*UTF8*$!
{
	archiveVersion = 1;
	classes = {
	};
	objectVersion = 46;
	objects = {

/* Begin PBXBuildFile section */
		393E8A7EA450C5AE33F0ED4699018F9C /* AppDelegate.swift in Sources */ = {isa = PBXBuildFile; fileRef = 0E341AF4AFD40E98B3DE640D4D55EE51 /* AppDelegate.swift */; };
		51DAF45AE1E831BF0934206D1C4D5F2B /* Assets.xcassets in Resources */ = {isa = PBXBuildFile; fileRef = FF17F20439999B7CB1F99CF1792EB286 /* Assets.xcassets */; };
		5B49DD48FD8B56B03C698C6F6AF1C332 /* Flow.storyboard in Resources */ = {isa = PBXBuildFile; fileRef = 4447727F1E36B9E6ED88D0022B067EF9 /* Flow.storyboard */; };
		B1983C59AA817DE7BABA8A64BB1D8844 /* FlowNavigationViewController.swift in Sources */ = {isa = PBXBuildFile; fileRef = AB14AC02C104316DB2115A42007BD804 /* FlowNavigationViewController.swift */; };
		77CF1BE00774BB7DD09008C3F04F57AA /* FlowNavigationViewModel.swift in Sources */ = {isa = PBXBuildFile; fileRef = 34579282FBDF123B7B3185B2D3DB5179 /* FlowNavigationViewModel.swift */; };
		7911A21AD51B43E542E0822C769B2D21 /* FlowNavigationViewModelTests.swift in Sources */ = {isa = PBXBuildFile; fileRef = 3C292130F3AA293184C50007E5A52FFD /* FlowNavigationViewModelTests.swift */; };
		EAF340714A654F3984E3C99E60671A5A /* KeyboardLayoutConstraint.swift in Sources */ = {isa = PBXBuildFile; fileRef = 1A4A61287970E1B2ECF412516AA9862C /* KeyboardLayoutConstraint.swift */; };
		D9A064C516A06DF6D807B0BE18474ABE /* LaunchScreen.storyboard in Resources */ = {isa = PBXBuildFile; fileRef = DD8BA38A1392A2A8148BF13DBAF14175 /* LaunchScreen.storyboard */; };
		9B1DFFBAE3CFF6186A96948FDDA6D37B /* Login.storyboard in Resources */ = {isa = PBXBuildFile; fileRef = 1FD5DEDB6C107893F4330BD225424AF4 /* Login.storyboard */; };
		6F617CFA796153C996645450AB707551 /* LoginViewController.swift in Sources */ = {isa = PBXBuildFile; fileRef = 92A8D3FDE44D05A8C8402A1DFC0B009A /* LoginViewController.swift */; };
		D3EAC6E908CED99272FAF4FA7E866930 /* LoginViewModel.swift in Sources */ = {isa = PBXBuildFile; fileRef = 733177493DB5B7CBEBE0867FC0655EC0 /* LoginViewModel.swift */; };
		C3F3AA0B83EE00218B41FAAADD3B8AB1 /* LoginViewModelTests.swift in Sources */ = {isa = PBXBuildFile; fileRef = EFA09BE721016B780A706456AE25E3A3 /* LoginViewModelTests.swift */; };
		80F27503C90F7A021DED75D8022B1110 /* Members.storyboard in Resources */ = {isa = PBXBuildFile; fileRef = 71FE66422A0CB762B9DAECD8511D1F43 /* Members.storyboard */; };
/* End PBXBuildFile section */

/* Begin PBXContainerItemProxy section */
		91B295C455010F49F45D68F11B91D18B /* PBXContainerItemProxy */ = {
			isa = PBXContainerItemProxy;
			containerPortal = 54018F7278675F91ACD64B3B4010ECFA /* Project object */;
			proxyType = 1;
			remoteGlobalIDString = A90713AB710E154A9090C1D1BA11E898;
			remoteInfo = "Thai Ko Gym";
		};
/* End PBXContainerItemProxy section */

/* Begin PBXFileReference section */
		0E341AF4AFD40E98B3DE640D4D55EE51 /* AppDelegate.swift */ = {isa = PBXFileReference; lastKnownFileType = sourcecode.swift; path = AppDelegate.swift; sourceTree = "<group>"; };
		FF17F20439999B7CB1F99CF1792EB286 /* Assets.xcassets */ = {isa = PBXFileReference; lastKnownFileType = folder.assetcatalog; path = Assets.xcassets; sourceTree = "<group>"; };
		A2985D8A3F3567D93EC86561A41848BE /* Base */ = {isa = PBXFileReference; lastKnownFileType = file.storyboard; name = Base; path = Base.lproj/LaunchScreen.storyboard; sourceTree = "<group>"; };
		4447727F1E36B9E6ED88D0022B067EF9 /* Flow.storyboard */ = {isa = PBXFileReference; fileEncoding = 4; lastKnownFileType = file.storyboard; path = Flow.storyboard; sourceTree = "<group>"; };
		AB14AC02C104316DB2115A42007BD804 /* FlowNavigationViewController.swift */ = {isa = PBXFileReference; fileEncoding = 4; lastKnownFileType = sourcecode.swift; path = FlowNavigationViewController.swift; sourceTree = "<group>"; };
		34579282FBDF123B7B3185B2D3DB5179 /* FlowNavigationViewModel.swift */ = {isa = PBXFileReference; fileEncoding = 4; lastKnownFileType = sourcecode.swift; path = FlowNavigationViewModel.swift; sourceTree = "<group>"; };
		3C292130F3AA293184C50007E5A52FFD /* FlowNavigationViewModelTests.swift */ = {isa = PBXFileReference; lastKnownFileType = sourcecode.swift; path = FlowNavigationViewModelTests.swift; sourceTree = "<group>"; };
		F9170A7F1E62C2F4B4A41C5BE69A9560 /* Info.plist */ = {isa = PBXFileReference; lastKnownFileType = text.plist.xml; path = Info.plist; sourceTree = "<group>"; };
		13A20B9CC17389C81EAE492CB6050702 /* Info.plist */ = {isa = PBXFileReference; lastKnownFileType = text.plist.xml; path = Info.plist; sourceTree = "<group>"; };
		1A4A61287970E1B2ECF412516AA9862C /* KeyboardLayoutConstraint.swift */ = {isa = PBXFileReference; fileEncoding = 4; lastKnownFileType = sourcecode.swift; path = KeyboardLayoutConstraint.swift; sourceTree = "<group>"; };
		1FD5DEDB6C107893F4330BD225424AF4 /* Login.storyboard */ = {isa = PBXFileReference; fileEncoding = 4; lastKnownFileType = file.storyboard; path = Login.storyboard; sourceTree = "<group>"; };
		92A8D3FDE44D05A8C8402A1DFC0B009A /* LoginViewController.swift */ = {isa = PBXFileReference; fileEncoding = 4; lastKnownFileType = sourcecode.swift; path = LoginViewController.swift; sourceTree = "<group>"; };
		733177493DB5B7CBEBE0867FC0655EC0 /* LoginViewModel.swift */ = {isa = PBXFileReference; fileEncoding = 4; lastKnownFileType = sourcecode.swift; path = LoginViewModel.swift; sourceTree = "<group>"; };
		EFA09BE721016B780A706456AE25E3A3 /* LoginViewModelTests.swift */ = {isa = PBXFileReference; fileEncoding = 4; lastKnownFileType = sourcecode.swift; path = LoginViewModelTests.swift; sourceTree = "<group>"; };
		71FE66422A0CB762B9DAECD8511D1F43 /* Members.storyboard */ = {isa = PBXFileReference; fileEncoding = 4; lastKnownFileType = file.storyboard; path = Members.storyboard; sourceTree = "<group>"; };
		F161EBEE9032FCFD33103C813E92CF4F /* Thai Ko Gym Tests.xctest */ = {isa = PBXFileReference; explicitFileType = wrapper.cfbundle; includeInIndex = 0; path = "Thai Ko Gym Tests.xctest"; sourceTree = BUILT_PRODUCTS_DIR; };
		F5F2572C2A6F2D53790E0C742B2DA261 /* Thai Ko Gym.app */ = {isa = PBXFileReference; explicitFileType = wrapper.application; includeInIndex = 0; path = "Thai Ko Gym.app"; sourceTree = BUILT_PRODUCTS_DIR; };
/* End PBXFileReference section */

/* Begin PBXFrameworksBuildPhase section */
		326E87DE2012069BD3AF04ECC60BB520 /* Frameworks */ = {
			isa = PBXFrameworksBuildPhase;
			buildActionMask = 2147483647;
			files = (
			);
			runOnlyForDeploymentPostprocessing = 0;
		};
		E5272DC0788C0A3E89F3E1072AE30652 /* Frameworks */ = {
			isa = PBXFrameworksBuildPhase;
			buildActionMask = 2147483647;
			files = (
			);
			runOnlyForDeploymentPostprocessing = 0;
		};
/* End PBXFrameworksBuildPhase section */

/* Begin PBXGroup section */
		2C3E1BDDD82CC2C0549C375288273DDE /* Modules */ = {
			isa = PBXGroup;
			children = (
				AF62272AB754945F8572C26837845E80 /* Login */,
				A5BDBCC8A146D50FF18C8C5A623D45ED /* Members */,
				52416A600EC32790421BA9545E1EF7DC /* Navigation Flow */,
			);
			path = Modules;
			sourceTree = "<group>";
		};
		AF62272AB754945F8572C26837845E80 /* Login */ = {
			isa = PBXGroup;
			children = (
				1FD5DEDB6C107893F4330BD225424AF4 /* Login.storyboard */,
				92A8D3FDE44D05A8C8402A1DFC0B009A /* LoginViewController.swift */,
				733177493DB5B7CBEBE0867FC0655EC0 /* LoginViewModel.swift */,
			);
			path = Login;
			sourceTree = "<group>";
		};
		A5BDBCC8A146D50FF18C8C5A623D45ED /* Members */ = {
			isa = PBXGroup;
			children = (
				71FE66422A0CB762B9DAECD8511D1F43 /* Members.storyboard */,
			);
			path = Members;
			sourceTree = "<group>";
		};
		52416A600EC32790421BA9545E1EF7DC /* Navigation Flow */ = {
			isa = PBXGroup;
			children = (
				4447727F1E36B9E6ED88D0022B067EF9 /* Flow.storyboard */,
				AB14AC02C104316DB2115A42007BD804 /* FlowNavigationViewController.swift */,
				34579282FBDF123B7B3185B2D3DB5179 /* FlowNavigationViewModel.swift */,
			);
			path = "Navigation Flow";
			sourceTree = "<group>";
		};
		6AC651D3AA2FB5B640ABEAB7538F6E90 /* Thai Ko Gym Tests */ = {
			isa = PBXGroup;
			children = (
				113DF980EE44A0095C692221035F8E1C /* Supporting Files */,
				01F22BC21852C2D7404C29446212C14F /* Tests */,
			);
			path = "Thai Ko Gym Tests";
			sourceTree = "<group>";
		};
		113DF980EE44A0095C692221035F8E1C /* Supporting Files */ = {
			isa = PBXGroup;
			children = (
				F9170A7F1E62C2F4B4A41C5BE69A9560 /* Info.plist */,
			);
			path = "Supporting Files";
			sourceTree = "<group>";
		};
		01F22BC21852C2D7404C29446212C14F /* Tests */ = {
			isa = PBXGroup;
			children = (
				3C292130F3AA293184C50007E5A52FFD /* FlowNavigationViewModelTests.swift */,
				EFA09BE721016B780A706456AE25E3A3 /* LoginViewModelTests.swift */,
			);
			path = Tests;
			sourceTree = "<group>";
		};
		2904AC0B662208041AB6BA3B80E17A8C /* Components */ = {
			isa = PBXGroup;
			children = (
				2B9F16643D72B385A2F35BB8CC750D43 /* Layout */,
			);
			path = Components;
			sourceTree = "<group>";
		};
		2B9F16643D72B385A2F35BB8CC750D43 /* Layout */ = {
			isa = PBXGroup;
			children = (
				1A4A61287970E1B2ECF412516AA9862C /* KeyboardLayoutConstraint.swift */,
			);
			path = Layout;
			sourceTree = "<group>";
		};
		6C273748C20C0216DA1D5CB93B8C24D6 = {
			isa = PBXGroup;
			children = (
				B4A3EB9487E4CEA24D845F5AF5E9365A /* Products */,
				046211EEB3845BA19886125BAB3603CA /* Thai Ko Gym */,
				6AC651D3AA2FB5B640ABEAB7538F6E90 /* Thai Ko Gym Tests */,
			);
			sourceTree = "<group>";
		};
		B4A3EB9487E4CEA24D845F5AF5E9365A /* Products */ = {
			isa = PBXGroup;
			children = (
				F161EBEE9032FCFD33103C813E92CF4F /* Thai Ko Gym Tests.xctest */,
				F5F2572C2A6F2D53790E0C742B2DA261 /* Thai Ko Gym.app */,
			);
			name = Products;
			sourceTree = "<group>";
		};
		046211EEB3845BA19886125BAB3603CA /* Thai Ko Gym */ = {
			isa = PBXGroup;
			children = (
				2904AC0B662208041AB6BA3B80E17A8C /* Components */,
				2C3E1BDDD82CC2C0549C375288273DDE /* Modules */,
				59D92D8678F5FFAA2DD84B163E94D1F8 /* Supporting Files */,
				93CF1EE55FC8C794A1421187BF822873 /* UI */,
				0E341AF4AFD40E98B3DE640D4D55EE51 /* AppDelegate.swift */,
			);
			path = "Thai Ko Gym";
			sourceTree = "<group>";
		};
		59D92D8678F5FFAA2DD84B163E94D1F8 /* Supporting Files */ = {
			isa = PBXGroup;
			children = (
				13A20B9CC17389C81EAE492CB6050702 /* Info.plist */,
			);
			path = "Supporting Files";
			sourceTree = "<group>";
		};
		93CF1EE55FC8C794A1421187BF822873 /* UI */ = {
			isa = PBXGroup;
			children = (
				FF17F20439999B7CB1F99CF1792EB286 /* Assets.xcassets */,
				DD8BA38A1392A2A8148BF13DBAF14175 /* LaunchScreen.storyboard */,
			);
			path = UI;
			sourceTree = "<group>";
		};
/* End PBXGroup section */

/* Begin PBXNativeTarget section */
		8305DB139653E8F0C36298E21ABA93AA /* Thai Ko Gym Tests */ = {
			isa = PBXNativeTarget;
			buildConfigurationList = D0BBF54CFA2E877970E84ECD7373D325 /* Build configuration list for PBXNativeTarget "Thai Ko Gym Tests" */;
			buildPhases = (
				6283A8B305FF71BF570EAA5FA6105389 /* Sources */,
				326E87DE2012069BD3AF04ECC60BB520 /* Frameworks */,
				D97A8A194FED214FA92B72FB01025CB1 /* Resources */,
			);
			buildRules = (
			);
			dependencies = (
				BC8C06B86A50A284846A4B3535C969A8 /* PBXTargetDependency */,
			);
			name = "Thai Ko Gym Tests";
			productName = "Thai Ko Gym Tests";
			productReference = F161EBEE9032FCFD33103C813E92CF4F /* Thai Ko Gym Tests.xctest */;
			productType = "com.apple.product-type.bundle.unit-test";
		};
		A90713AB710E154A9090C1D1BA11E898 /* Thai Ko Gym */ = {
			isa = PBXNativeTarget;
			buildConfigurationList = B8A06973E7107DE54868DFB648D808E0 /* Build configuration list for PBXNativeTarget "Thai Ko Gym" */;
			buildPhases = (
				7A9A94AE351D98F3F83F6F6F3469CEAF /* Sources */,
				E5272DC0788C0A3E89F3E1072AE30652 /* Frameworks */,
				E47B52DE4C82CDD1C60978561ADE2CB7 /* Resources */,
			);
			buildRules = (
			);
			dependencies = (
			);
			name = "Thai Ko Gym";
			productName = "Thai Ko Gym";
			productReference = F5F2572C2A6F2D53790E0C742B2DA261 /* Thai Ko Gym.app */;
			productType = "com.apple.product-type.application";
		};
/* End PBXNativeTarget section */

/* Begin PBXProject section */
		54018F7278675F91ACD64B3B4010ECFA /* Project object */ = {
			isa = PBXProject;
			attributes = {
				LastSwiftUpdateCheck = 0800;
				LastUpgradeCheck = 0800;
				ORGANIZATIONNAME = Fousa;
				TargetAttributes = {
					8305DB139653E8F0C36298E21ABA93AA = {
						CreatedOnToolsVersion = 8.0;
						DevelopmentTeam = 743AM63YFU;
						ProvisioningStyle = Automatic;
						TestTargetID = A90713AB710E154A9090C1D1BA11E898;
					};
					A90713AB710E154A9090C1D1BA11E898 = {
						CreatedOnToolsVersion = 8.0;
						DevelopmentTeam = 743AM63YFU;
						ProvisioningStyle = Automatic;
					};
				};
			};
			buildConfigurationList = E3A0F5F10B970D9FA3645185E4CB770C /* Build configuration list for PBXProject "Thai Ko Gym" */;
			compatibilityVersion = "Xcode 3.2";
			developmentRegion = English;
			hasScannedForEncodings = 0;
			knownRegions = (
				en,
				Base,
			);
			mainGroup = 6C273748C20C0216DA1D5CB93B8C24D6;
			productRefGroup = B4A3EB9487E4CEA24D845F5AF5E9365A /* Products */;
			projectDirPath = "";
			projectRoot = "";
			targets = (
				A90713AB710E154A9090C1D1BA11E898 /* Thai Ko Gym */,
				8305DB139653E8F0C36298E21ABA93AA /* Thai Ko Gym Tests */,
			);
		};
/* End PBXProject section */

/* Begin PBXResourcesBuildPhase section */
		D97A8A194FED214FA92B72FB01025CB1 /* Resources */ = {
			isa = PBXResourcesBuildPhase;
			buildActionMask = 2147483647;
			files = (
			);
			runOnlyForDeploymentPostprocessing = 0;
		};
		E47B52DE4C82CDD1C60978561ADE2CB7 /* Resources */ = {
			isa = PBXResourcesBuildPhase;
			buildActionMask = 2147483647;
			files = (
				51DAF45AE1E831BF0934206D1C4D5F2B /* Assets.xcassets in Resources */,
				5B49DD48FD8B56B03C698C6F6AF1C332 /* Flow.storyboard in Resources */,
				D9A064C516A06DF6D807B0BE18474ABE /* LaunchScreen.storyboard in Resources */,
				9B1DFFBAE3CFF6186A96948FDDA6D37B /* Login.storyboard in Resources */,
				80F27503C90F7A021DED75D8022B1110 /* Members.storyboard in Resources */,
			);
			runOnlyForDeploymentPostprocessing = 0;
		};
/* End PBXResourcesBuildPhase section */

/* Begin PBXSourcesBuildPhase section */
		6283A8B305FF71BF570EAA5FA6105389 /* Sources */ = {
			isa = PBXSourcesBuildPhase;
			buildActionMask = 2147483647;
			files = (
				7911A21AD51B43E542E0822C769B2D21 /* FlowNavigationViewModelTests.swift in Sources */,
				C3F3AA0B83EE00218B41FAAADD3B8AB1 /* LoginViewModelTests.swift in Sources */,
			);
			runOnlyForDeploymentPostprocessing = 0;
		};
		7A9A94AE351D98F3F83F6F6F3469CEAF /* Sources */ = {
			isa = PBXSourcesBuildPhase;
			buildActionMask = 2147483647;
			files = (
				393E8A7EA450C5AE33F0ED4699018F9C /* AppDelegate.swift in Sources */,
				B1983C59AA817DE7BABA8A64BB1D8844 /* FlowNavigationViewController.swift in Sources */,
				77CF1BE00774BB7DD09008C3F04F57AA /* FlowNavigationViewModel.swift in Sources */,
				EAF340714A654F3984E3C99E60671A5A /* KeyboardLayoutConstraint.swift in Sources */,
				6F617CFA796153C996645450AB707551 /* LoginViewController.swift in Sources */,
				D3EAC6E908CED99272FAF4FA7E866930 /* LoginViewModel.swift in Sources */,
			);
			runOnlyForDeploymentPostprocessing = 0;
		};
/* End PBXSourcesBuildPhase section */

/* Begin PBXTargetDependency section */
		BC8C06B86A50A284846A4B3535C969A8 /* PBXTargetDependency */ = {
			isa = PBXTargetDependency;
			target = A90713AB710E154A9090C1D1BA11E898 /* Thai Ko Gym */;
			targetProxy = 91B295C455010F49F45D68F11B91D18B /* PBXContainerItemProxy */;
		};
/* End PBXTargetDependency section */

/* Begin PBXVariantGroup section */
		DD8BA38A1392A2A8148BF13DBAF14175 /* LaunchScreen.storyboard */ = {
			isa = PBXVariantGroup;
			children = (
				A2985D8A3F3567D93EC86561A41848BE /* Base */,
			);
			name = LaunchScreen.storyboard;
			path = .;
			sourceTree = "<group>";
		};
/* End PBXVariantGroup section */

/* Begin XCBuildConfiguration section */
		9E0C17EC77407569C1ABEB52837C4521 /* Debug */ = {
			isa = XCBuildConfiguration;
			buildSettings = {
				BUNDLE_LOADER = "$(TEST_HOST)";
				DEVELOPMENT_TEAM = 743AM63YFU;
				INFOPLIST_FILE = "Thai Ko Gym Tests/Supporting Files/Info.plist";
				LD_RUNPATH_SEARCH_PATHS = "$(inherited) @executable_path/Frameworks @loader_path/Frameworks";
				PRODUCT_BUNDLE_IDENTIFIER = "be.fousa.Thai-Ko-Gym-Tests";
				PRODUCT_NAME = "$(TARGET_NAME)";
				SWIFT_VERSION = 3.0;
				TEST_HOST = "$(BUILT_PRODUCTS_DIR)/Thai Ko Gym.app/Thai Ko Gym";
			};
			name = Debug;
		};
		A2340751A74DCDFB5519BDF364382E75 /* Release */ = {
			isa = XCBuildConfiguration;
			buildSettings = {
				BUNDLE_LOADER = "$(TEST_HOST)";
				DEVELOPMENT_TEAM = 743AM63YFU;
				INFOPLIST_FILE = "Thai Ko Gym Tests/Supporting Files/Info.plist";
				LD_RUNPATH_SEARCH_PATHS = "$(inherited) @executable_path/Frameworks @loader_path/Frameworks";
				PRODUCT_BUNDLE_IDENTIFIER = "be.fousa.Thai-Ko-Gym-Tests";
				PRODUCT_NAME = "$(TARGET_NAME)";
				SWIFT_VERSION = 3.0;
				TEST_HOST = "$(BUILT_PRODUCTS_DIR)/Thai Ko Gym.app/Thai Ko Gym";
			};
			name = Release;
		};
		0DA870B42DD51BEE92D40E885F6485C7 /* Debug */ = {
			isa = XCBuildConfiguration;
			buildSettings = {
				ALWAYS_SEARCH_USER_PATHS = NO;
				CLANG_ANALYZER_NONNULL = YES;
				CLANG_CXX_LANGUAGE_STANDARD = "gnu++0x";
				CLANG_CXX_LIBRARY = "libc++";
				CLANG_ENABLE_MODULES = YES;
				CLANG_ENABLE_OBJC_ARC = YES;
				CLANG_WARN_BOOL_CONVERSION = YES;
				CLANG_WARN_CONSTANT_CONVERSION = YES;
				CLANG_WARN_DIRECT_OBJC_ISA_USAGE = YES_ERROR;
				CLANG_WARN_DOCUMENTATION_COMMENTS = YES;
				CLANG_WARN_EMPTY_BODY = YES;
				CLANG_WARN_ENUM_CONVERSION = YES;
				CLANG_WARN_INFINITE_RECURSION = YES;
				CLANG_WARN_INT_CONVERSION = YES;
				CLANG_WARN_OBJC_ROOT_CLASS = YES_ERROR;
				CLANG_WARN_SUSPICIOUS_MOVES = YES;
				CLANG_WARN_UNREACHABLE_CODE = YES;
				CLANG_WARN__DUPLICATE_METHOD_MATCH = YES;
				"CODE_SIGN_IDENTITY[sdk=iphoneos*]" = "iPhone Developer";
				COPY_PHASE_STRIP = NO;
				DEBUG_INFORMATION_FORMAT = dwarf;
				ENABLE_STRICT_OBJC_MSGSEND = YES;
				ENABLE_TESTABILITY = YES;
				GCC_C_LANGUAGE_STANDARD = gnu99;
				GCC_DYNAMIC_NO_PIC = NO;
				GCC_NO_COMMON_BLOCKS = YES;
				GCC_OPTIMIZATION_LEVEL = 0;
				GCC_PREPROCESSOR_DEFINITIONS = (
					"DEBUG=1",
					"$(inherited)",
				);
				GCC_WARN_64_TO_32_BIT_CONVERSION = YES;
				GCC_WARN_ABOUT_RETURN_TYPE = YES_ERROR;
				GCC_WARN_UNDECLARED_SELECTOR = YES;
				GCC_WARN_UNINITIALIZED_AUTOS = YES_AGGRESSIVE;
				GCC_WARN_UNUSED_FUNCTION = YES;
				GCC_WARN_UNUSED_VARIABLE = YES;
				IPHONEOS_DEPLOYMENT_TARGET = 10.0;
				MTL_ENABLE_DEBUG_INFO = YES;
				ONLY_ACTIVE_ARCH = YES;
				SDKROOT = iphoneos;
				SWIFT_ACTIVE_COMPILATION_CONDITIONS = DEBUG;
				SWIFT_OPTIMIZATION_LEVEL = "-Onone";
				TARGETED_DEVICE_FAMILY = "1,2";
			};
			name = Debug;
		};
		B14A32261DEEAB33E757F3EB4A588402 /* Release */ = {
			isa = XCBuildConfiguration;
			buildSettings = {
				ALWAYS_SEARCH_USER_PATHS = NO;
				CLANG_ANALYZER_NONNULL = YES;
				CLANG_CXX_LANGUAGE_STANDARD = "gnu++0x";
				CLANG_CXX_LIBRARY = "libc++";
				CLANG_ENABLE_MODULES = YES;
				CLANG_ENABLE_OBJC_ARC = YES;
				CLANG_WARN_BOOL_CONVERSION = YES;
				CLANG_WARN_CONSTANT_CONVERSION = YES;
				CLANG_WARN_DIRECT_OBJC_ISA_USAGE = YES_ERROR;
				CLANG_WARN_DOCUMENTATION_COMMENTS = YES;
				CLANG_WARN_EMPTY_BODY = YES;
				CLANG_WARN_ENUM_CONVERSION = YES;
				CLANG_WARN_INFINITE_RECURSION = YES;
				CLANG_WARN_INT_CONVERSION = YES;
				CLANG_WARN_OBJC_ROOT_CLASS = YES_ERROR;
				CLANG_WARN_SUSPICIOUS_MOVES = YES;
				CLANG_WARN_UNREACHABLE_CODE = YES;
				CLANG_WARN__DUPLICATE_METHOD_MATCH = YES;
				"CODE_SIGN_IDENTITY[sdk=iphoneos*]" = "iPhone Developer";
				COPY_PHASE_STRIP = NO;
				DEBUG_INFORMATION_FORMAT = "dwarf-with-dsym";
				ENABLE_NS_ASSERTIONS = NO;
				ENABLE_STRICT_OBJC_MSGSEND = YES;
				GCC_C_LANGUAGE_STANDARD = gnu99;
				GCC_NO_COMMON_BLOCKS = YES;
				GCC_WARN_64_TO_32_BIT_CONVERSION = YES;
				GCC_WARN_ABOUT_RETURN_TYPE = YES_ERROR;
				GCC_WARN_UNDECLARED_SELECTOR = YES;
				GCC_WARN_UNINITIALIZED_AUTOS = YES_AGGRESSIVE;
				GCC_WARN_UNUSED_FUNCTION = YES;
				GCC_WARN_UNUSED_VARIABLE = YES;
				IPHONEOS_DEPLOYMENT_TARGET = 10.0;
				MTL_ENABLE_DEBUG_INFO = NO;
				SDKROOT = iphoneos;
				SWIFT_OPTIMIZATION_LEVEL = "-Owholemodule";
				TARGETED_DEVICE_FAMILY = "1,2";
				VALIDATE_PRODUCT = YES;
			};
			name = Release;
		};
		49E5ED8A04102349E8F050B0838CAF12 /* Debug */ = {
			isa = XCBuildConfiguration;
			buildSettings = {
				ASSETCATALOG_COMPILER_APPICON_NAME = AppIcon;
				CURRENT_PROJECT_VERSION = 1;
				DEVELOPMENT_TEAM = 743AM63YFU;
				INFOPLIST_FILE = "Thai Ko Gym/Supporting Files/Info.plist";
				IPHONEOS_DEPLOYMENT_TARGET = 9.3;
				LD_RUNPATH_SEARCH_PATHS = "$(inherited) @executable_path/Frameworks";
				PRODUCT_BUNDLE_IDENTIFIER = be.fousa.thaikogym;
				PRODUCT_NAME = "$(TARGET_NAME)";
				SWIFT_VERSION = 3.0;
			};
			name = Debug;
		};
		C1239922B4AEE10861CDA1EB75338F1E /* Release */ = {
			isa = XCBuildConfiguration;
			buildSettings = {
				ASSETCATALOG_COMPILER_APPICON_NAME = AppIcon;
				CURRENT_PROJECT_VERSION = 1;
				DEVELOPMENT_TEAM = 743AM63YFU;
				INFOPLIST_FILE = "Thai Ko Gym/Supporting Files/Info.plist";
				IPHONEOS_DEPLOYMENT_TARGET = 9.3;
				LD_RUNPATH_SEARCH_PATHS = "$(inherited) @executable_path/Frameworks";
				PRODUCT_BUNDLE_IDENTIFIER = be.fousa.thaikogym;
				PRODUCT_NAME = "$(TARGET_NAME)";
				SWIFT_VERSION = 3.0;
			};
			name = Release;
		};
/* End XCBuildConfiguration section */

/* Begin XCConfigurationList section */
		D0BBF54CFA2E877970E84ECD7373D325 /* Build configuration list for PBXNativeTarget "Thai Ko Gym Tests" */ = {
			isa = XCConfigurationList;
			buildConfigurations = (
				9E0C17EC77407569C1ABEB52837C4521 /* Debug */,
				A2340751A74DCDFB5519BDF364382E75 /* Release */,
			);
			defaultConfigurationIsVisible = 0;
			defaultConfigurationName = Release;
		};
		E3A0F5F10B970D9FA3645185E4CB770C /* Build configuration list for PBXProject "Thai Ko Gym" */ = {
			isa = XCConfigurationList;
			buildConfigurations = (
				0DA870B42DD51BEE92D40E885F6485C7 /* Debug */,
				B14A32261DEEAB33E757F3EB4A588402 /* Release */,
			);
			defaultConfigurationIsVisible = 0;
			defaultConfigurationName = Release;
		};
		B8A06973E7107DE54868DFB648D808E0 /* Build configuration list for PBXNativeTarget "Thai Ko Gym" */ = {
			isa = XCConfigurationList;
			buildConfigurations = (
				49E5ED8A04102349E8F050B0838CAF12 /* Debug */,
				C1239922B4AEE10861CDA1EB75338F1E /* Release */,
			);
			defaultConfigurationIsVisible = 0;
			defaultConfigurationName = Release;
		};
/* End XCConfigurationList section */
	};
	rootObject = 54018F7278675F91ACD64B3B4010ECFA /* Project object */;
}
