// !$*UTF8*$!
{
	archiveVersion = 1;
	classes = {
	};
	objectVersion = 46;
	objects = {

/* Begin PBXBuildFile section */
		045977271D924E3D000672E0 /* Service.swift in Sources */ = {isa = PBXBuildFile; fileRef = 045977261D924E3D000672E0 /* Service.swift */; };
		045977291D924EFA000672E0 /* AuthenticationRequest.swift in Sources */ = {isa = PBXBuildFile; fileRef = 045977281D924EFA000672E0 /* AuthenticationRequest.swift */; };
		045D46831D9254F0006DED6A /* Request.swift in Sources */ = {isa = PBXBuildFile; fileRef = 045D46821D9254F0006DED6A /* Request.swift */; };
		045D46881D9257DE006DED6A /* Authentication.swift in Sources */ = {isa = PBXBuildFile; fileRef = 045D46871D9257DE006DED6A /* Authentication.swift */; };
		045D468C1D9301C9006DED6A /* AuthenticationRequestTests.swift in Sources */ = {isa = PBXBuildFile; fileRef = 045D468B1D9301C9006DED6A /* AuthenticationRequestTests.swift */; };
		045D468F1D9303D5006DED6A /* AuthenticationTests.swift in Sources */ = {isa = PBXBuildFile; fileRef = 045D468E1D9303D5006DED6A /* AuthenticationTests.swift */; };
		04C283A61D939709000C24DC /* Keychain.swift in Sources */ = {isa = PBXBuildFile; fileRef = 04C283A51D939709000C24DC /* Keychain.swift */; };
		04C283AA1D939DF8000C24DC /* MembersViewController.swift in Sources */ = {isa = PBXBuildFile; fileRef = 04C283A91D939DF8000C24DC /* MembersViewController.swift */; };
		04C283AC1D939EEF000C24DC /* MembersViewModel.swift in Sources */ = {isa = PBXBuildFile; fileRef = 04C283AB1D939EEF000C24DC /* MembersViewModel.swift */; };
		04C283AE1D939F77000C24DC /* MembersViewModelTests.swift in Sources */ = {isa = PBXBuildFile; fileRef = 04C283AD1D939F77000C24DC /* MembersViewModelTests.swift */; };
		080C6490B4F7F3D9B2715093 /* Pods_Thai_Ko_Gym.framework in Frameworks */ = {isa = PBXBuildFile; fileRef = 26F2B20A43524471BDD7EFE2 /* Pods_Thai_Ko_Gym.framework */; };
		110DD9F30A175540EC850A9024ACD8DD /* CoreTelephony.framework in Frameworks */ = {isa = PBXBuildFile; fileRef = B940E1FF9C1D837FF445B68B672DC8E0 /* CoreTelephony.framework */; };
		14925FFA345DD6940195AFC1DD4F7C56 /* AVFoundation.framework in Frameworks */ = {isa = PBXBuildFile; fileRef = 74E21278D939C430814D81844D78AE83 /* AVFoundation.framework */; };
		174EFDEB2310F5C4C50AC916015A9860 /* SystemConfiguration.framework in Frameworks */ = {isa = PBXBuildFile; fileRef = 65DF5F6C325D67903F0E5CCEAE423537 /* SystemConfiguration.framework */; };
		2C0B3ACF19BA13608CE821D17B095101 /* CoreVideo.framework in Frameworks */ = {isa = PBXBuildFile; fileRef = 2134660886BBD1DDB5D02490AEE72FDD /* CoreVideo.framework */; };
		2CDA1D8CC147BBCAD53B4651 /* Pods_Thai_Ko_Gym_Tests.framework in Frameworks */ = {isa = PBXBuildFile; fileRef = 1155967127D083D0C5C7D4FB /* Pods_Thai_Ko_Gym_Tests.framework */; };
		393E8A7EA450C5AE33F0ED4699018F9C /* AppDelegate.swift in Sources */ = {isa = PBXBuildFile; fileRef = 0E341AF4AFD40E98B3DE640D4D55EE51 /* AppDelegate.swift */; };
		51DAF45AE1E831BF0934206D1C4D5F2B /* Assets.xcassets in Resources */ = {isa = PBXBuildFile; fileRef = FF17F20439999B7CB1F99CF1792EB286 /* Assets.xcassets */; };
		5B49DD48FD8B56B03C698C6F6AF1C332 /* Flow.storyboard in Resources */ = {isa = PBXBuildFile; fileRef = 4447727F1E36B9E6ED88D0022B067EF9 /* Flow.storyboard */; };
		5DB3001B1C62C85FF33AB344A83DF987 /* AssetsLibrary.framework in Frameworks */ = {isa = PBXBuildFile; fileRef = 5695CC4291FFA7385304450246F824A1 /* AssetsLibrary.framework */; };
		6F617CFA796153C996645450AB707551 /* LoginViewController.swift in Sources */ = {isa = PBXBuildFile; fileRef = 92A8D3FDE44D05A8C8402A1DFC0B009A /* LoginViewController.swift */; };
		718341349230DD63259F686AD5E134E7 /* QuartzCore.framework in Frameworks */ = {isa = PBXBuildFile; fileRef = 3F2A8FAC171B5F9B42D198A658E6C90F /* QuartzCore.framework */; };
		77CF1BE00774BB7DD09008C3F04F57AA /* FlowNavigationViewModel.swift in Sources */ = {isa = PBXBuildFile; fileRef = 34579282FBDF123B7B3185B2D3DB5179 /* FlowNavigationViewModel.swift */; };
		7911A21AD51B43E542E0822C769B2D21 /* FlowNavigationViewModelTests.swift in Sources */ = {isa = PBXBuildFile; fileRef = 3C292130F3AA293184C50007E5A52FFD /* FlowNavigationViewModelTests.swift */; };
		80F27503C90F7A021DED75D8022B1110 /* Members.storyboard in Resources */ = {isa = PBXBuildFile; fileRef = 71FE66422A0CB762B9DAECD8511D1F43 /* Members.storyboard */; };
		9B1DFFBAE3CFF6186A96948FDDA6D37B /* Login.storyboard in Resources */ = {isa = PBXBuildFile; fileRef = 1FD5DEDB6C107893F4330BD225424AF4 /* Login.storyboard */; };
		B1983C59AA817DE7BABA8A64BB1D8844 /* FlowNavigationViewController.swift in Sources */ = {isa = PBXBuildFile; fileRef = AB14AC02C104316DB2115A42007BD804 /* FlowNavigationViewController.swift */; };
		B4CA8537507C1E12AD4A537400C2016B /* CoreText.framework in Frameworks */ = {isa = PBXBuildFile; fileRef = 4AEFB3B81DD70982C6A05E6527E581C4 /* CoreText.framework */; };
		C3F3AA0B83EE00218B41FAAADD3B8AB1 /* LoginViewModelTests.swift in Sources */ = {isa = PBXBuildFile; fileRef = EFA09BE721016B780A706456AE25E3A3 /* LoginViewModelTests.swift */; };
		D3EAC6E908CED99272FAF4FA7E866930 /* LoginViewModel.swift in Sources */ = {isa = PBXBuildFile; fileRef = 733177493DB5B7CBEBE0867FC0655EC0 /* LoginViewModel.swift */; };
		D9A064C516A06DF6D807B0BE18474ABE /* LaunchScreen.storyboard in Resources */ = {isa = PBXBuildFile; fileRef = DD8BA38A1392A2A8148BF13DBAF14175 /* LaunchScreen.storyboard */; };
		D9FEB949494CA2D3C3813F5C8AE9AB69 /* BuddyBuildSDK.framework in Frameworks */ = {isa = PBXBuildFile; fileRef = 41D283EE7864B42DFCD6F42DC347D257 /* BuddyBuildSDK.framework */; };
		EAF340714A654F3984E3C99E60671A5A /* KeyboardLayoutConstraint.swift in Sources */ = {isa = PBXBuildFile; fileRef = 1A4A61287970E1B2ECF412516AA9862C /* KeyboardLayoutConstraint.swift */; };
		EE4B4FAA20E24779FBDEEADE098B5314 /* CoreMedia.framework in Frameworks */ = {isa = PBXBuildFile; fileRef = 09F0CC379980129F6B18AF0CBBD09641 /* CoreMedia.framework */; };
/* End PBXBuildFile section */

/* Begin PBXContainerItemProxy section */
		91B295C455010F49F45D68F11B91D18B /* PBXContainerItemProxy */ = {
			isa = PBXContainerItemProxy;
			containerPortal = 54018F7278675F91ACD64B3B4010ECFA /* Project object */;
			proxyType = 1;
			remoteGlobalIDString = A90713AB710E154A9090C1D1BA11E898;
			remoteInfo = "Thai Ko Gym";
		};
/* End PBXContainerItemProxy section */

/* Begin PBXFileReference section */
		045977261D924E3D000672E0 /* Service.swift */ = {isa = PBXFileReference; fileEncoding = 4; lastKnownFileType = sourcecode.swift; path = Service.swift; sourceTree = "<group>"; };
		045977281D924EFA000672E0 /* AuthenticationRequest.swift */ = {isa = PBXFileReference; fileEncoding = 4; lastKnownFileType = sourcecode.swift; path = AuthenticationRequest.swift; sourceTree = "<group>"; };
		045D46821D9254F0006DED6A /* Request.swift */ = {isa = PBXFileReference; fileEncoding = 4; lastKnownFileType = sourcecode.swift; path = Request.swift; sourceTree = "<group>"; };
		045D46871D9257DE006DED6A /* Authentication.swift */ = {isa = PBXFileReference; fileEncoding = 4; lastKnownFileType = sourcecode.swift; path = Authentication.swift; sourceTree = "<group>"; };
		045D468B1D9301C9006DED6A /* AuthenticationRequestTests.swift */ = {isa = PBXFileReference; fileEncoding = 4; lastKnownFileType = sourcecode.swift; path = AuthenticationRequestTests.swift; sourceTree = "<group>"; };
		045D468E1D9303D5006DED6A /* AuthenticationTests.swift */ = {isa = PBXFileReference; fileEncoding = 4; lastKnownFileType = sourcecode.swift; path = AuthenticationTests.swift; sourceTree = "<group>"; };
		04C283A51D939709000C24DC /* Keychain.swift */ = {isa = PBXFileReference; fileEncoding = 4; lastKnownFileType = sourcecode.swift; path = Keychain.swift; sourceTree = "<group>"; };
		04C283A81D939A87000C24DC /* Thai Ko Gym.entitlements */ = {isa = PBXFileReference; lastKnownFileType = text.plist.entitlements; path = "Thai Ko Gym.entitlements"; sourceTree = "<group>"; };
		04C283A91D939DF8000C24DC /* MembersViewController.swift */ = {isa = PBXFileReference; fileEncoding = 4; lastKnownFileType = sourcecode.swift; path = MembersViewController.swift; sourceTree = "<group>"; };
		04C283AB1D939EEF000C24DC /* MembersViewModel.swift */ = {isa = PBXFileReference; fileEncoding = 4; lastKnownFileType = sourcecode.swift; path = MembersViewModel.swift; sourceTree = "<group>"; };
		04C283AD1D939F77000C24DC /* MembersViewModelTests.swift */ = {isa = PBXFileReference; fileEncoding = 4; lastKnownFileType = sourcecode.swift; path = MembersViewModelTests.swift; sourceTree = "<group>"; };
		09F0CC379980129F6B18AF0CBBD09641 /* CoreMedia.framework */ = {isa = PBXFileReference; lastKnownFileType = wrapper.framework; name = CoreMedia.framework; path = System/Library/Frameworks/CoreMedia.framework; sourceTree = SDKROOT; };
		0E341AF4AFD40E98B3DE640D4D55EE51 /* AppDelegate.swift */ = {isa = PBXFileReference; lastKnownFileType = sourcecode.swift; path = AppDelegate.swift; sourceTree = "<group>"; };
		1155967127D083D0C5C7D4FB /* Pods_Thai_Ko_Gym_Tests.framework */ = {isa = PBXFileReference; explicitFileType = wrapper.framework; includeInIndex = 0; path = Pods_Thai_Ko_Gym_Tests.framework; sourceTree = BUILT_PRODUCTS_DIR; };
		13A20B9CC17389C81EAE492CB6050702 /* Info.plist */ = {isa = PBXFileReference; lastKnownFileType = text.plist.xml; path = Info.plist; sourceTree = "<group>"; };
		187124990BFD8FB18DC9828F /* Pods-Thai Ko Gym Tests.app store.xcconfig */ = {isa = PBXFileReference; includeInIndex = 1; lastKnownFileType = text.xcconfig; name = "Pods-Thai Ko Gym Tests.app store.xcconfig"; path = "Pods/Target Support Files/Pods-Thai Ko Gym Tests/Pods-Thai Ko Gym Tests.app store.xcconfig"; sourceTree = "<group>"; };
		1A4A61287970E1B2ECF412516AA9862C /* KeyboardLayoutConstraint.swift */ = {isa = PBXFileReference; fileEncoding = 4; lastKnownFileType = sourcecode.swift; path = KeyboardLayoutConstraint.swift; sourceTree = "<group>"; };
		1B36A3A2ECBC9B3D68EB2515 /* Pods-Thai Ko Gym.debug.xcconfig */ = {isa = PBXFileReference; includeInIndex = 1; lastKnownFileType = text.xcconfig; name = "Pods-Thai Ko Gym.debug.xcconfig"; path = "Pods/Target Support Files/Pods-Thai Ko Gym/Pods-Thai Ko Gym.debug.xcconfig"; sourceTree = "<group>"; };
		1FD5DEDB6C107893F4330BD225424AF4 /* Login.storyboard */ = {isa = PBXFileReference; fileEncoding = 4; lastKnownFileType = file.storyboard; path = Login.storyboard; sourceTree = "<group>"; };
		2134660886BBD1DDB5D02490AEE72FDD /* CoreVideo.framework */ = {isa = PBXFileReference; lastKnownFileType = wrapper.framework; name = CoreVideo.framework; path = System/Library/Frameworks/CoreVideo.framework; sourceTree = SDKROOT; };
		26F2B20A43524471BDD7EFE2 /* Pods_Thai_Ko_Gym.framework */ = {isa = PBXFileReference; explicitFileType = wrapper.framework; includeInIndex = 0; path = Pods_Thai_Ko_Gym.framework; sourceTree = BUILT_PRODUCTS_DIR; };
		2E4172891D9C18CCE2A04C3F /* Pods-Thai Ko Gym Tests.staging.xcconfig */ = {isa = PBXFileReference; includeInIndex = 1; lastKnownFileType = text.xcconfig; name = "Pods-Thai Ko Gym Tests.staging.xcconfig"; path = "Pods/Target Support Files/Pods-Thai Ko Gym Tests/Pods-Thai Ko Gym Tests.staging.xcconfig"; sourceTree = "<group>"; };
		34579282FBDF123B7B3185B2D3DB5179 /* FlowNavigationViewModel.swift */ = {isa = PBXFileReference; fileEncoding = 4; lastKnownFileType = sourcecode.swift; path = FlowNavigationViewModel.swift; sourceTree = "<group>"; };
		3C292130F3AA293184C50007E5A52FFD /* FlowNavigationViewModelTests.swift */ = {isa = PBXFileReference; lastKnownFileType = sourcecode.swift; path = FlowNavigationViewModelTests.swift; sourceTree = "<group>"; };
		3F2A8FAC171B5F9B42D198A658E6C90F /* QuartzCore.framework */ = {isa = PBXFileReference; lastKnownFileType = wrapper.framework; name = QuartzCore.framework; path = System/Library/Frameworks/QuartzCore.framework; sourceTree = SDKROOT; };
		41D283EE7864B42DFCD6F42DC347D257 /* BuddyBuildSDK.framework */ = {isa = PBXFileReference; lastKnownFileType = wrapper.framework; name = BuddyBuildSDK.framework; path = Vendor/BuddyBuildSDK.framework; sourceTree = "<group>"; };
		4447727F1E36B9E6ED88D0022B067EF9 /* Flow.storyboard */ = {isa = PBXFileReference; fileEncoding = 4; lastKnownFileType = file.storyboard; path = Flow.storyboard; sourceTree = "<group>"; };
		4AEFB3B81DD70982C6A05E6527E581C4 /* CoreText.framework */ = {isa = PBXFileReference; lastKnownFileType = wrapper.framework; name = CoreText.framework; path = System/Library/Frameworks/CoreText.framework; sourceTree = SDKROOT; };
		4F94FD6E918F3E59937F97C8 /* Pods-Thai Ko Gym.app store.xcconfig */ = {isa = PBXFileReference; includeInIndex = 1; lastKnownFileType = text.xcconfig; name = "Pods-Thai Ko Gym.app store.xcconfig"; path = "Pods/Target Support Files/Pods-Thai Ko Gym/Pods-Thai Ko Gym.app store.xcconfig"; sourceTree = "<group>"; };
		5695CC4291FFA7385304450246F824A1 /* AssetsLibrary.framework */ = {isa = PBXFileReference; lastKnownFileType = wrapper.framework; name = AssetsLibrary.framework; path = System/Library/Frameworks/AssetsLibrary.framework; sourceTree = SDKROOT; };
		65DF5F6C325D67903F0E5CCEAE423537 /* SystemConfiguration.framework */ = {isa = PBXFileReference; lastKnownFileType = wrapper.framework; name = SystemConfiguration.framework; path = System/Library/Frameworks/SystemConfiguration.framework; sourceTree = SDKROOT; };
		71FE66422A0CB762B9DAECD8511D1F43 /* Members.storyboard */ = {isa = PBXFileReference; fileEncoding = 4; lastKnownFileType = file.storyboard; path = Members.storyboard; sourceTree = "<group>"; };
		733177493DB5B7CBEBE0867FC0655EC0 /* LoginViewModel.swift */ = {isa = PBXFileReference; fileEncoding = 4; lastKnownFileType = sourcecode.swift; path = LoginViewModel.swift; sourceTree = "<group>"; };
		738181E8D723CDBC364DDF11 /* Pods-Thai Ko Gym.staging.xcconfig */ = {isa = PBXFileReference; includeInIndex = 1; lastKnownFileType = text.xcconfig; name = "Pods-Thai Ko Gym.staging.xcconfig"; path = "Pods/Target Support Files/Pods-Thai Ko Gym/Pods-Thai Ko Gym.staging.xcconfig"; sourceTree = "<group>"; };
		74E21278D939C430814D81844D78AE83 /* AVFoundation.framework */ = {isa = PBXFileReference; lastKnownFileType = wrapper.framework; name = AVFoundation.framework; path = System/Library/Frameworks/AVFoundation.framework; sourceTree = SDKROOT; };
		92A8D3FDE44D05A8C8402A1DFC0B009A /* LoginViewController.swift */ = {isa = PBXFileReference; fileEncoding = 4; lastKnownFileType = sourcecode.swift; path = LoginViewController.swift; sourceTree = "<group>"; };
		94E0B852771D23476E858616A1B6C8B1 /* App Store.xcconfig */ = {isa = PBXFileReference; lastKnownFileType = text.xcconfig; path = "App Store.xcconfig"; sourceTree = "<group>"; };
		A2985D8A3F3567D93EC86561A41848BE /* Base */ = {isa = PBXFileReference; lastKnownFileType = file.storyboard; name = Base; path = Base.lproj/LaunchScreen.storyboard; sourceTree = "<group>"; };
		AB14AC02C104316DB2115A42007BD804 /* FlowNavigationViewController.swift */ = {isa = PBXFileReference; fileEncoding = 4; lastKnownFileType = sourcecode.swift; path = FlowNavigationViewController.swift; sourceTree = "<group>"; };
		AC582038BF468A9054C0DC3E /* Pods-Thai Ko Gym Tests.debug.xcconfig */ = {isa = PBXFileReference; includeInIndex = 1; lastKnownFileType = text.xcconfig; name = "Pods-Thai Ko Gym Tests.debug.xcconfig"; path = "Pods/Target Support Files/Pods-Thai Ko Gym Tests/Pods-Thai Ko Gym Tests.debug.xcconfig"; sourceTree = "<group>"; };
		B940E1FF9C1D837FF445B68B672DC8E0 /* CoreTelephony.framework */ = {isa = PBXFileReference; lastKnownFileType = wrapper.framework; name = CoreTelephony.framework; path = System/Library/Frameworks/CoreTelephony.framework; sourceTree = SDKROOT; };
		DFFF5E3806EFD18C0BA3911B74A177E0 /* Staging.xcconfig */ = {isa = PBXFileReference; lastKnownFileType = text.xcconfig; path = Staging.xcconfig; sourceTree = "<group>"; };
		EFA09BE721016B780A706456AE25E3A3 /* LoginViewModelTests.swift */ = {isa = PBXFileReference; fileEncoding = 4; lastKnownFileType = sourcecode.swift; path = LoginViewModelTests.swift; sourceTree = "<group>"; };
		EFD009B22B26DF49E5032C680D24047C /* Bridging-Header.h */ = {isa = PBXFileReference; includeInIndex = 1; lastKnownFileType = sourcecode.c.h; path = "Bridging-Header.h"; sourceTree = "<group>"; };
		F161EBEE9032FCFD33103C813E92CF4F /* Thai Ko Gym Tests.xctest */ = {isa = PBXFileReference; explicitFileType = wrapper.cfbundle; includeInIndex = 0; path = "Thai Ko Gym Tests.xctest"; sourceTree = BUILT_PRODUCTS_DIR; };
		F55E6B7037E9B4D20ACE3F235A83290A /* Debug.xcconfig */ = {isa = PBXFileReference; lastKnownFileType = text.xcconfig; path = Debug.xcconfig; sourceTree = "<group>"; };
		F5F2572C2A6F2D53790E0C742B2DA261 /* Thai Ko Gym.app */ = {isa = PBXFileReference; explicitFileType = wrapper.application; includeInIndex = 0; path = "Thai Ko Gym.app"; sourceTree = BUILT_PRODUCTS_DIR; };
		F9170A7F1E62C2F4B4A41C5BE69A9560 /* Info.plist */ = {isa = PBXFileReference; lastKnownFileType = text.plist.xml; path = Info.plist; sourceTree = "<group>"; };
		FF17F20439999B7CB1F99CF1792EB286 /* Assets.xcassets */ = {isa = PBXFileReference; lastKnownFileType = folder.assetcatalog; path = Assets.xcassets; sourceTree = "<group>"; };
/* End PBXFileReference section */

/* Begin PBXFrameworksBuildPhase section */
		326E87DE2012069BD3AF04ECC60BB520 /* Frameworks */ = {
			isa = PBXFrameworksBuildPhase;
			buildActionMask = 2147483647;
			files = (
				2CDA1D8CC147BBCAD53B4651 /* Pods_Thai_Ko_Gym_Tests.framework in Frameworks */,
			);
			runOnlyForDeploymentPostprocessing = 0;
		};
		E5272DC0788C0A3E89F3E1072AE30652 /* Frameworks */ = {
			isa = PBXFrameworksBuildPhase;
			buildActionMask = 2147483647;
			files = (
				14925FFA345DD6940195AFC1DD4F7C56 /* AVFoundation.framework in Frameworks */,
				5DB3001B1C62C85FF33AB344A83DF987 /* AssetsLibrary.framework in Frameworks */,
				D9FEB949494CA2D3C3813F5C8AE9AB69 /* BuddyBuildSDK.framework in Frameworks */,
				EE4B4FAA20E24779FBDEEADE098B5314 /* CoreMedia.framework in Frameworks */,
				110DD9F30A175540EC850A9024ACD8DD /* CoreTelephony.framework in Frameworks */,
				B4CA8537507C1E12AD4A537400C2016B /* CoreText.framework in Frameworks */,
				2C0B3ACF19BA13608CE821D17B095101 /* CoreVideo.framework in Frameworks */,
				718341349230DD63259F686AD5E134E7 /* QuartzCore.framework in Frameworks */,
				174EFDEB2310F5C4C50AC916015A9860 /* SystemConfiguration.framework in Frameworks */,
				080C6490B4F7F3D9B2715093 /* Pods_Thai_Ko_Gym.framework in Frameworks */,
			);
			runOnlyForDeploymentPostprocessing = 0;
		};
/* End PBXFrameworksBuildPhase section */

/* Begin PBXGroup section */
		01F22BC21852C2D7404C29446212C14F /* Tests */ = {
			isa = PBXGroup;
			children = (
				045D468D1D9303C6006DED6A /* Models */,
				045D468A1D9301A5006DED6A /* Requests */,
				045D46891D93019E006DED6A /* View Models */,
			);
			path = Tests;
			sourceTree = "<group>";
		};
		045977251D924E35000672E0 /* Networking */ = {
			isa = PBXGroup;
			children = (
				045D46861D9257D3006DED6A /* Models */,
				045D46841D925508006DED6A /* Requests */,
				045D46821D9254F0006DED6A /* Request.swift */,
				045977261D924E3D000672E0 /* Service.swift */,
			);
			path = Networking;
			sourceTree = "<group>";
		};
		045D46841D925508006DED6A /* Requests */ = {
			isa = PBXGroup;
			children = (
				045977281D924EFA000672E0 /* AuthenticationRequest.swift */,
			);
			path = Requests;
			sourceTree = "<group>";
		};
		045D46861D9257D3006DED6A /* Models */ = {
			isa = PBXGroup;
			children = (
				045D46871D9257DE006DED6A /* Authentication.swift */,
			);
			path = Models;
			sourceTree = "<group>";
		};
		045D46891D93019E006DED6A /* View Models */ = {
			isa = PBXGroup;
			children = (
				3C292130F3AA293184C50007E5A52FFD /* FlowNavigationViewModelTests.swift */,
				EFA09BE721016B780A706456AE25E3A3 /* LoginViewModelTests.swift */,
				04C283AD1D939F77000C24DC /* MembersViewModelTests.swift */,
			);
			path = "View Models";
			sourceTree = "<group>";
		};
		045D468A1D9301A5006DED6A /* Requests */ = {
			isa = PBXGroup;
			children = (
				045D468B1D9301C9006DED6A /* AuthenticationRequestTests.swift */,
			);
			path = Requests;
			sourceTree = "<group>";
		};
		045D468D1D9303C6006DED6A /* Models */ = {
			isa = PBXGroup;
			children = (
				045D468E1D9303D5006DED6A /* AuthenticationTests.swift */,
			);
			path = Models;
			sourceTree = "<group>";
		};
		046211EEB3845BA19886125BAB3603CA /* Thai Ko Gym */ = {
			isa = PBXGroup;
			children = (
				2904AC0B662208041AB6BA3B80E17A8C /* Components */,
				2C3E1BDDD82CC2C0549C375288273DDE /* Modules */,
				59D92D8678F5FFAA2DD84B163E94D1F8 /* Supporting Files */,
				93CF1EE55FC8C794A1421187BF822873 /* UI */,
				0E341AF4AFD40E98B3DE640D4D55EE51 /* AppDelegate.swift */,
			);
			path = "Thai Ko Gym";
			sourceTree = "<group>";
		};
		04C283A41D9396F7000C24DC /* Extensions */ = {
			isa = PBXGroup;
			children = (
				04C283A51D939709000C24DC /* Keychain.swift */,
			);
			path = Extensions;
			sourceTree = "<group>";
		};
		113DF980EE44A0095C692221035F8E1C /* Supporting Files */ = {
			isa = PBXGroup;
			children = (
				F9170A7F1E62C2F4B4A41C5BE69A9560 /* Info.plist */,
			);
			path = "Supporting Files";
			sourceTree = "<group>";
		};
		2904AC0B662208041AB6BA3B80E17A8C /* Components */ = {
			isa = PBXGroup;
			children = (
				04C283A41D9396F7000C24DC /* Extensions */,
				2B9F16643D72B385A2F35BB8CC750D43 /* Layout */,
				045977251D924E35000672E0 /* Networking */,
			);
			path = Components;
			sourceTree = "<group>";
		};
		2B9F16643D72B385A2F35BB8CC750D43 /* Layout */ = {
			isa = PBXGroup;
			children = (
				1A4A61287970E1B2ECF412516AA9862C /* KeyboardLayoutConstraint.swift */,
			);
			path = Layout;
			sourceTree = "<group>";
		};
		2C3E1BDDD82CC2C0549C375288273DDE /* Modules */ = {
			isa = PBXGroup;
			children = (
				AF62272AB754945F8572C26837845E80 /* Login */,
				A5BDBCC8A146D50FF18C8C5A623D45ED /* Members */,
				52416A600EC32790421BA9545E1EF7DC /* Navigation Flow */,
			);
			path = Modules;
			sourceTree = "<group>";
		};
		2D8E6EEFF208D0E6BBFDFBB7 /* Pods */ = {
			isa = PBXGroup;
			children = (
				1B36A3A2ECBC9B3D68EB2515 /* Pods-Thai Ko Gym.debug.xcconfig */,
				738181E8D723CDBC364DDF11 /* Pods-Thai Ko Gym.staging.xcconfig */,
				4F94FD6E918F3E59937F97C8 /* Pods-Thai Ko Gym.app store.xcconfig */,
				AC582038BF468A9054C0DC3E /* Pods-Thai Ko Gym Tests.debug.xcconfig */,
				2E4172891D9C18CCE2A04C3F /* Pods-Thai Ko Gym Tests.staging.xcconfig */,
				187124990BFD8FB18DC9828F /* Pods-Thai Ko Gym Tests.app store.xcconfig */,
			);
			name = Pods;
			sourceTree = "<group>";
		};
		4D569E875E1DDF2C517B12166FC0663E /* Frameworks */ = {
			isa = PBXGroup;
			children = (
				74E21278D939C430814D81844D78AE83 /* AVFoundation.framework */,
				5695CC4291FFA7385304450246F824A1 /* AssetsLibrary.framework */,
				41D283EE7864B42DFCD6F42DC347D257 /* BuddyBuildSDK.framework */,
				09F0CC379980129F6B18AF0CBBD09641 /* CoreMedia.framework */,
				B940E1FF9C1D837FF445B68B672DC8E0 /* CoreTelephony.framework */,
				4AEFB3B81DD70982C6A05E6527E581C4 /* CoreText.framework */,
				2134660886BBD1DDB5D02490AEE72FDD /* CoreVideo.framework */,
				3F2A8FAC171B5F9B42D198A658E6C90F /* QuartzCore.framework */,
				65DF5F6C325D67903F0E5CCEAE423537 /* SystemConfiguration.framework */,
				26F2B20A43524471BDD7EFE2 /* Pods_Thai_Ko_Gym.framework */,
				1155967127D083D0C5C7D4FB /* Pods_Thai_Ko_Gym_Tests.framework */,
			);
			name = Frameworks;
			sourceTree = "<group>";
		};
		4DAB5C0FADA8253A948F6F22D276F5D7 /* Configuration */ = {
			isa = PBXGroup;
			children = (
				94E0B852771D23476E858616A1B6C8B1 /* App Store.xcconfig */,
				F55E6B7037E9B4D20ACE3F235A83290A /* Debug.xcconfig */,
				DFFF5E3806EFD18C0BA3911B74A177E0 /* Staging.xcconfig */,
			);
			path = Configuration;
			sourceTree = "<group>";
		};
		52416A600EC32790421BA9545E1EF7DC /* Navigation Flow */ = {
			isa = PBXGroup;
			children = (
				4447727F1E36B9E6ED88D0022B067EF9 /* Flow.storyboard */,
				AB14AC02C104316DB2115A42007BD804 /* FlowNavigationViewController.swift */,
				34579282FBDF123B7B3185B2D3DB5179 /* FlowNavigationViewModel.swift */,
			);
			path = "Navigation Flow";
			sourceTree = "<group>";
		};
		59D92D8678F5FFAA2DD84B163E94D1F8 /* Supporting Files */ = {
			isa = PBXGroup;
			children = (
				4DAB5C0FADA8253A948F6F22D276F5D7 /* Configuration */,
				EFD009B22B26DF49E5032C680D24047C /* Bridging-Header.h */,
				13A20B9CC17389C81EAE492CB6050702 /* Info.plist */,
				04C283A81D939A87000C24DC /* Thai Ko Gym.entitlements */,
			);
			path = "Supporting Files";
			sourceTree = "<group>";
		};
		6AC651D3AA2FB5B640ABEAB7538F6E90 /* Thai Ko Gym Tests */ = {
			isa = PBXGroup;
			children = (
				113DF980EE44A0095C692221035F8E1C /* Supporting Files */,
				01F22BC21852C2D7404C29446212C14F /* Tests */,
			);
			path = "Thai Ko Gym Tests";
			sourceTree = "<group>";
		};
		6C273748C20C0216DA1D5CB93B8C24D6 = {
			isa = PBXGroup;
			children = (
				4D569E875E1DDF2C517B12166FC0663E /* Frameworks */,
				2D8E6EEFF208D0E6BBFDFBB7 /* Pods */,
				B4A3EB9487E4CEA24D845F5AF5E9365A /* Products */,
				046211EEB3845BA19886125BAB3603CA /* Thai Ko Gym */,
				6AC651D3AA2FB5B640ABEAB7538F6E90 /* Thai Ko Gym Tests */,
			);
			sourceTree = "<group>";
		};
		93CF1EE55FC8C794A1421187BF822873 /* UI */ = {
			isa = PBXGroup;
			children = (
				FF17F20439999B7CB1F99CF1792EB286 /* Assets.xcassets */,
				DD8BA38A1392A2A8148BF13DBAF14175 /* LaunchScreen.storyboard */,
			);
			path = UI;
			sourceTree = "<group>";
		};
		A5BDBCC8A146D50FF18C8C5A623D45ED /* Members */ = {
			isa = PBXGroup;
			children = (
				71FE66422A0CB762B9DAECD8511D1F43 /* Members.storyboard */,
				04C283A91D939DF8000C24DC /* MembersViewController.swift */,
				04C283AB1D939EEF000C24DC /* MembersViewModel.swift */,
			);
			path = Members;
			sourceTree = "<group>";
		};
		AF62272AB754945F8572C26837845E80 /* Login */ = {
			isa = PBXGroup;
			children = (
				1FD5DEDB6C107893F4330BD225424AF4 /* Login.storyboard */,
				92A8D3FDE44D05A8C8402A1DFC0B009A /* LoginViewController.swift */,
				733177493DB5B7CBEBE0867FC0655EC0 /* LoginViewModel.swift */,
			);
			path = Login;
			sourceTree = "<group>";
		};
		B4A3EB9487E4CEA24D845F5AF5E9365A /* Products */ = {
			isa = PBXGroup;
			children = (
				F161EBEE9032FCFD33103C813E92CF4F /* Thai Ko Gym Tests.xctest */,
				F5F2572C2A6F2D53790E0C742B2DA261 /* Thai Ko Gym.app */,
			);
			name = Products;
			sourceTree = "<group>";
		};
/* End PBXGroup section */

/* Begin PBXNativeTarget section */
		8305DB139653E8F0C36298E21ABA93AA /* Thai Ko Gym Tests */ = {
			isa = PBXNativeTarget;
			buildConfigurationList = B20998BA13E8779773EED0705AFF48F9 /* Build configuration list for PBXNativeTarget "Thai Ko Gym Tests" */;
			buildPhases = (
				E416454AAF71558FC718B630 /* [CP] Check Pods Manifest.lock */,
				6283A8B305FF71BF570EAA5FA6105389 /* Sources */,
				326E87DE2012069BD3AF04ECC60BB520 /* Frameworks */,
				D97A8A194FED214FA92B72FB01025CB1 /* Resources */,
				883B48F4B7B294C4FEC6EC27 /* [CP] Embed Pods Frameworks */,
				37963089EA115026FE87FD84 /* [CP] Copy Pods Resources */,
			);
			buildRules = (
			);
			dependencies = (
				BC8C06B86A50A284846A4B3535C969A8 /* PBXTargetDependency */,
			);
			name = "Thai Ko Gym Tests";
			productName = "Thai Ko Gym Tests";
			productReference = F161EBEE9032FCFD33103C813E92CF4F /* Thai Ko Gym Tests.xctest */;
			productType = "com.apple.product-type.bundle.unit-test";
		};
		A90713AB710E154A9090C1D1BA11E898 /* Thai Ko Gym */ = {
			isa = PBXNativeTarget;
			buildConfigurationList = 4DA102FD4AEB00F514CC63CAE161A00F /* Build configuration list for PBXNativeTarget "Thai Ko Gym" */;
			buildPhases = (
				11DBDC4B040F411FDA5FB0AC /* [CP] Check Pods Manifest.lock */,
				7A9A94AE351D98F3F83F6F6F3469CEAF /* Sources */,
				E5272DC0788C0A3E89F3E1072AE30652 /* Frameworks */,
				E47B52DE4C82CDD1C60978561ADE2CB7 /* Resources */,
				8325D5B99E0A7CF41FB92AA5 /* [CP] Embed Pods Frameworks */,
				FFE605EAF562A468E92743A2 /* [CP] Copy Pods Resources */,
			);
			buildRules = (
			);
			dependencies = (
			);
			name = "Thai Ko Gym";
			productName = "Thai Ko Gym";
			productReference = F5F2572C2A6F2D53790E0C742B2DA261 /* Thai Ko Gym.app */;
			productType = "com.apple.product-type.application";
		};
/* End PBXNativeTarget section */

/* Begin PBXProject section */
		54018F7278675F91ACD64B3B4010ECFA /* Project object */ = {
			isa = PBXProject;
			attributes = {
				LastSwiftUpdateCheck = 0800;
				LastUpgradeCheck = 0800;
				ORGANIZATIONNAME = Fousa;
				TargetAttributes = {
					8305DB139653E8F0C36298E21ABA93AA = {
						CreatedOnToolsVersion = 8.0;
						DevelopmentTeam = 743AM63YFU;
						ProvisioningStyle = Automatic;
						TestTargetID = A90713AB710E154A9090C1D1BA11E898;
					};
					A90713AB710E154A9090C1D1BA11E898 = {
						CreatedOnToolsVersion = 8.0;
						DevelopmentTeam = 743AM63YFU;
						ProvisioningStyle = Automatic;
						SystemCapabilities = {
							com.apple.DataProtection = {
								enabled = 1;
							};
							com.apple.Keychain = {
								enabled = 1;
							};
						};
					};
				};
			};
			buildConfigurationList = 4B6504A2BAEBD481FCCDC89BBC396C4A /* Build configuration list for PBXProject "Thai Ko Gym" */;
			compatibilityVersion = "Xcode 3.2";
			developmentRegion = English;
			hasScannedForEncodings = 0;
			knownRegions = (
				en,
				Base,
			);
			mainGroup = 6C273748C20C0216DA1D5CB93B8C24D6;
			productRefGroup = B4A3EB9487E4CEA24D845F5AF5E9365A /* Products */;
			projectDirPath = "";
			projectRoot = "";
			targets = (
				A90713AB710E154A9090C1D1BA11E898 /* Thai Ko Gym */,
				8305DB139653E8F0C36298E21ABA93AA /* Thai Ko Gym Tests */,
			);
		};
/* End PBXProject section */

/* Begin PBXResourcesBuildPhase section */
		D97A8A194FED214FA92B72FB01025CB1 /* Resources */ = {
			isa = PBXResourcesBuildPhase;
			buildActionMask = 2147483647;
			files = (
			);
			runOnlyForDeploymentPostprocessing = 0;
		};
		E47B52DE4C82CDD1C60978561ADE2CB7 /* Resources */ = {
			isa = PBXResourcesBuildPhase;
			buildActionMask = 2147483647;
			files = (
				51DAF45AE1E831BF0934206D1C4D5F2B /* Assets.xcassets in Resources */,
				5B49DD48FD8B56B03C698C6F6AF1C332 /* Flow.storyboard in Resources */,
				D9A064C516A06DF6D807B0BE18474ABE /* LaunchScreen.storyboard in Resources */,
				9B1DFFBAE3CFF6186A96948FDDA6D37B /* Login.storyboard in Resources */,
				80F27503C90F7A021DED75D8022B1110 /* Members.storyboard in Resources */,
			);
			runOnlyForDeploymentPostprocessing = 0;
		};
/* End PBXResourcesBuildPhase section */

/* Begin PBXShellScriptBuildPhase section */
		11DBDC4B040F411FDA5FB0AC /* [CP] Check Pods Manifest.lock */ = {
			isa = PBXShellScriptBuildPhase;
			buildActionMask = 2147483647;
			files = (
			);
			inputPaths = (
			);
			name = "[CP] Check Pods Manifest.lock";
			outputPaths = (
			);
			runOnlyForDeploymentPostprocessing = 0;
			shellPath = /bin/sh;
			shellScript = "diff \"${PODS_ROOT}/../Podfile.lock\" \"${PODS_ROOT}/Manifest.lock\" > /dev/null\nif [[ $? != 0 ]] ; then\n    cat << EOM\nerror: The sandbox is not in sync with the Podfile.lock. Run 'pod install' or update your CocoaPods installation.\nEOM\n    exit 1\nfi\n";
			showEnvVarsInLog = 0;
		};
		37963089EA115026FE87FD84 /* [CP] Copy Pods Resources */ = {
			isa = PBXShellScriptBuildPhase;
			buildActionMask = 2147483647;
			files = (
			);
			inputPaths = (
			);
			name = "[CP] Copy Pods Resources";
			outputPaths = (
			);
			runOnlyForDeploymentPostprocessing = 0;
			shellPath = /bin/sh;
			shellScript = "\"${SRCROOT}/Pods/Target Support Files/Pods-Thai Ko Gym Tests/Pods-Thai Ko Gym Tests-resources.sh\"\n";
			showEnvVarsInLog = 0;
		};
		8325D5B99E0A7CF41FB92AA5 /* [CP] Embed Pods Frameworks */ = {
			isa = PBXShellScriptBuildPhase;
			buildActionMask = 2147483647;
			files = (
			);
			inputPaths = (
			);
			name = "[CP] Embed Pods Frameworks";
			outputPaths = (
			);
			runOnlyForDeploymentPostprocessing = 0;
			shellPath = /bin/sh;
			shellScript = "\"${SRCROOT}/Pods/Target Support Files/Pods-Thai Ko Gym/Pods-Thai Ko Gym-frameworks.sh\"\n";
			showEnvVarsInLog = 0;
		};
		883B48F4B7B294C4FEC6EC27 /* [CP] Embed Pods Frameworks */ = {
			isa = PBXShellScriptBuildPhase;
			buildActionMask = 2147483647;
			files = (
			);
			inputPaths = (
			);
			name = "[CP] Embed Pods Frameworks";
			outputPaths = (
			);
			runOnlyForDeploymentPostprocessing = 0;
			shellPath = /bin/sh;
			shellScript = "\"${SRCROOT}/Pods/Target Support Files/Pods-Thai Ko Gym Tests/Pods-Thai Ko Gym Tests-frameworks.sh\"\n";
			showEnvVarsInLog = 0;
		};
		E416454AAF71558FC718B630 /* [CP] Check Pods Manifest.lock */ = {
			isa = PBXShellScriptBuildPhase;
			buildActionMask = 2147483647;
			files = (
			);
			inputPaths = (
			);
			name = "[CP] Check Pods Manifest.lock";
			outputPaths = (
			);
			runOnlyForDeploymentPostprocessing = 0;
			shellPath = /bin/sh;
			shellScript = "diff \"${PODS_ROOT}/../Podfile.lock\" \"${PODS_ROOT}/Manifest.lock\" > /dev/null\nif [[ $? != 0 ]] ; then\n    cat << EOM\nerror: The sandbox is not in sync with the Podfile.lock. Run 'pod install' or update your CocoaPods installation.\nEOM\n    exit 1\nfi\n";
			showEnvVarsInLog = 0;
		};
		FFE605EAF562A468E92743A2 /* [CP] Copy Pods Resources */ = {
			isa = PBXShellScriptBuildPhase;
			buildActionMask = 2147483647;
			files = (
			);
			inputPaths = (
			);
			name = "[CP] Copy Pods Resources";
			outputPaths = (
			);
			runOnlyForDeploymentPostprocessing = 0;
			shellPath = /bin/sh;
			shellScript = "\"${SRCROOT}/Pods/Target Support Files/Pods-Thai Ko Gym/Pods-Thai Ko Gym-resources.sh\"\n";
			showEnvVarsInLog = 0;
		};
/* End PBXShellScriptBuildPhase section */

/* Begin PBXSourcesBuildPhase section */
		6283A8B305FF71BF570EAA5FA6105389 /* Sources */ = {
			isa = PBXSourcesBuildPhase;
			buildActionMask = 2147483647;
			files = (
				04C283AE1D939F77000C24DC /* MembersViewModelTests.swift in Sources */,
				7911A21AD51B43E542E0822C769B2D21 /* FlowNavigationViewModelTests.swift in Sources */,
				C3F3AA0B83EE00218B41FAAADD3B8AB1 /* LoginViewModelTests.swift in Sources */,
				045D468C1D9301C9006DED6A /* AuthenticationRequestTests.swift in Sources */,
				045D468F1D9303D5006DED6A /* AuthenticationTests.swift in Sources */,
			);
			runOnlyForDeploymentPostprocessing = 0;
		};
		7A9A94AE351D98F3F83F6F6F3469CEAF /* Sources */ = {
			isa = PBXSourcesBuildPhase;
			buildActionMask = 2147483647;
			files = (
				393E8A7EA450C5AE33F0ED4699018F9C /* AppDelegate.swift in Sources */,
				045977271D924E3D000672E0 /* Service.swift in Sources */,
				04C283AC1D939EEF000C24DC /* MembersViewModel.swift in Sources */,
				B1983C59AA817DE7BABA8A64BB1D8844 /* FlowNavigationViewController.swift in Sources */,
				045D46881D9257DE006DED6A /* Authentication.swift in Sources */,
				04C283AA1D939DF8000C24DC /* MembersViewController.swift in Sources */,
				77CF1BE00774BB7DD09008C3F04F57AA /* FlowNavigationViewModel.swift in Sources */,
				04C283A61D939709000C24DC /* Keychain.swift in Sources */,
				EAF340714A654F3984E3C99E60671A5A /* KeyboardLayoutConstraint.swift in Sources */,
				6F617CFA796153C996645450AB707551 /* LoginViewController.swift in Sources */,
				D3EAC6E908CED99272FAF4FA7E866930 /* LoginViewModel.swift in Sources */,
				045D46831D9254F0006DED6A /* Request.swift in Sources */,
				045977291D924EFA000672E0 /* AuthenticationRequest.swift in Sources */,
			);
			runOnlyForDeploymentPostprocessing = 0;
		};
/* End PBXSourcesBuildPhase section */

/* Begin PBXTargetDependency section */
		BC8C06B86A50A284846A4B3535C969A8 /* PBXTargetDependency */ = {
			isa = PBXTargetDependency;
			target = A90713AB710E154A9090C1D1BA11E898 /* Thai Ko Gym */;
			targetProxy = 91B295C455010F49F45D68F11B91D18B /* PBXContainerItemProxy */;
		};
/* End PBXTargetDependency section */

/* Begin PBXVariantGroup section */
		DD8BA38A1392A2A8148BF13DBAF14175 /* LaunchScreen.storyboard */ = {
			isa = PBXVariantGroup;
			children = (
				A2985D8A3F3567D93EC86561A41848BE /* Base */,
			);
			name = LaunchScreen.storyboard;
			path = .;
			sourceTree = "<group>";
		};
/* End PBXVariantGroup section */

/* Begin XCBuildConfiguration section */
		0468A2CCF1A570A9A6755793526B0647 /* Staging */ = {
			isa = XCBuildConfiguration;
			baseConfigurationReference = 738181E8D723CDBC364DDF11 /* Pods-Thai Ko Gym.staging.xcconfig */;
			buildSettings = {
				ALWAYS_EMBED_SWIFT_STANDARD_LIBRARIES = YES;
				CODE_SIGN_ENTITLEMENTS = "Thai Ko Gym/Supporting Files/Thai Ko Gym.entitlements";
				CURRENT_PROJECT_VERSION = 1;
				DEVELOPMENT_TEAM = 743AM63YFU;
				FRAMEWORK_SEARCH_PATHS = (
					"$(inherited)",
					"$(PROJECT_DIR)",
					"$(PROJECT_DIR)/Vendor",
				);
				INFOPLIST_FILE = "Thai Ko Gym/Supporting Files/Info.plist";
				IPHONEOS_DEPLOYMENT_TARGET = 9.3;
				LD_RUNPATH_SEARCH_PATHS = "$(inherited) @executable_path/Frameworks";
				PRODUCT_NAME = "$(TARGET_NAME)";
				SWIFT_OBJC_BRIDGING_HEADER = "$(SRCROOT)/Thai Ko Gym/Supporting Files/Bridging-Header.h";
				SWIFT_VERSION = 3.0;
			};
			name = Staging;
		};
		0B8D50B0B331AC36BB13601CBAA97EA5 /* Staging */ = {
			isa = XCBuildConfiguration;
			baseConfigurationReference = DFFF5E3806EFD18C0BA3911B74A177E0 /* Staging.xcconfig */;
			buildSettings = {
				ALWAYS_SEARCH_USER_PATHS = NO;
				CLANG_ANALYZER_NONNULL = YES;
				CLANG_CXX_LANGUAGE_STANDARD = "gnu++0x";
				CLANG_CXX_LIBRARY = "libc++";
				CLANG_ENABLE_MODULES = YES;
				CLANG_ENABLE_OBJC_ARC = YES;
				CLANG_WARN_BOOL_CONVERSION = YES;
				CLANG_WARN_CONSTANT_CONVERSION = YES;
				CLANG_WARN_DIRECT_OBJC_ISA_USAGE = YES_ERROR;
				CLANG_WARN_DOCUMENTATION_COMMENTS = YES;
				CLANG_WARN_EMPTY_BODY = YES;
				CLANG_WARN_ENUM_CONVERSION = YES;
				CLANG_WARN_INFINITE_RECURSION = YES;
				CLANG_WARN_INT_CONVERSION = YES;
				CLANG_WARN_OBJC_ROOT_CLASS = YES_ERROR;
				CLANG_WARN_SUSPICIOUS_MOVE = YES;
				CLANG_WARN_SUSPICIOUS_MOVES = YES;
				CLANG_WARN_UNREACHABLE_CODE = YES;
				CLANG_WARN__DUPLICATE_METHOD_MATCH = YES;
				"CODE_SIGN_IDENTITY[sdk=iphoneos*]" = "iPhone Developer";
				COPY_PHASE_STRIP = NO;
				DEBUG_INFORMATION_FORMAT = "dwarf-with-dsym";
				ENABLE_NS_ASSERTIONS = NO;
				ENABLE_STRICT_OBJC_MSGSEND = YES;
				GCC_C_LANGUAGE_STANDARD = gnu99;
				GCC_NO_COMMON_BLOCKS = YES;
				GCC_WARN_64_TO_32_BIT_CONVERSION = YES;
				GCC_WARN_ABOUT_RETURN_TYPE = YES_ERROR;
				GCC_WARN_UNDECLARED_SELECTOR = YES;
				GCC_WARN_UNINITIALIZED_AUTOS = YES_AGGRESSIVE;
				GCC_WARN_UNUSED_FUNCTION = YES;
				GCC_WARN_UNUSED_VARIABLE = YES;
				IPHONEOS_DEPLOYMENT_TARGET = 10.0;
				MTL_ENABLE_DEBUG_INFO = NO;
				SDKROOT = iphoneos;
				SWIFT_OPTIMIZATION_LEVEL = "-Owholemodule";
				TARGETED_DEVICE_FAMILY = "1,2";
				VALIDATE_PRODUCT = YES;
			};
			name = Staging;
		};
		1EC36F036560158C3128F89DC629B165 /* Debug */ = {
			isa = XCBuildConfiguration;
			baseConfigurationReference = F55E6B7037E9B4D20ACE3F235A83290A /* Debug.xcconfig */;
			buildSettings = {
				ALWAYS_SEARCH_USER_PATHS = NO;
				CLANG_ANALYZER_NONNULL = YES;
				CLANG_CXX_LANGUAGE_STANDARD = "gnu++0x";
				CLANG_CXX_LIBRARY = "libc++";
				CLANG_ENABLE_MODULES = YES;
				CLANG_ENABLE_OBJC_ARC = YES;
				CLANG_WARN_BOOL_CONVERSION = YES;
				CLANG_WARN_CONSTANT_CONVERSION = YES;
				CLANG_WARN_DIRECT_OBJC_ISA_USAGE = YES_ERROR;
				CLANG_WARN_DOCUMENTATION_COMMENTS = YES;
				CLANG_WARN_EMPTY_BODY = YES;
				CLANG_WARN_ENUM_CONVERSION = YES;
				CLANG_WARN_INFINITE_RECURSION = YES;
				CLANG_WARN_INT_CONVERSION = YES;
				CLANG_WARN_OBJC_ROOT_CLASS = YES_ERROR;
				CLANG_WARN_SUSPICIOUS_MOVE = YES;
				CLANG_WARN_SUSPICIOUS_MOVES = YES;
				CLANG_WARN_UNREACHABLE_CODE = YES;
				CLANG_WARN__DUPLICATE_METHOD_MATCH = YES;
				"CODE_SIGN_IDENTITY[sdk=iphoneos*]" = "iPhone Developer";
				COPY_PHASE_STRIP = NO;
				DEBUG_INFORMATION_FORMAT = dwarf;
				ENABLE_STRICT_OBJC_MSGSEND = YES;
				ENABLE_TESTABILITY = YES;
				GCC_C_LANGUAGE_STANDARD = gnu99;
				GCC_DYNAMIC_NO_PIC = NO;
				GCC_NO_COMMON_BLOCKS = YES;
				GCC_OPTIMIZATION_LEVEL = 0;
				GCC_PREPROCESSOR_DEFINITIONS = (
					"DEBUG=1",
					"$(inherited)",
				);
				GCC_WARN_64_TO_32_BIT_CONVERSION = YES;
				GCC_WARN_ABOUT_RETURN_TYPE = YES_ERROR;
				GCC_WARN_UNDECLARED_SELECTOR = YES;
				GCC_WARN_UNINITIALIZED_AUTOS = YES_AGGRESSIVE;
				GCC_WARN_UNUSED_FUNCTION = YES;
				GCC_WARN_UNUSED_VARIABLE = YES;
				IPHONEOS_DEPLOYMENT_TARGET = 10.0;
				MTL_ENABLE_DEBUG_INFO = YES;
				ONLY_ACTIVE_ARCH = YES;
				SDKROOT = iphoneos;
				SWIFT_ACTIVE_COMPILATION_CONDITIONS = DEBUG;
				SWIFT_OPTIMIZATION_LEVEL = "-Onone";
				TARGETED_DEVICE_FAMILY = "1,2";
			};
			name = Debug;
		};
		3060D022B70202E31D4A040B945FA9CA /* App Store */ = {
			isa = XCBuildConfiguration;
			baseConfigurationReference = 187124990BFD8FB18DC9828F /* Pods-Thai Ko Gym Tests.app store.xcconfig */;
			buildSettings = {
				BUNDLE_LOADER = "$(TEST_HOST)";
				DEVELOPMENT_TEAM = 743AM63YFU;
				INFOPLIST_FILE = "Thai Ko Gym Tests/Supporting Files/Info.plist";
				LD_RUNPATH_SEARCH_PATHS = "$(inherited) @executable_path/Frameworks @loader_path/Frameworks";
				PRODUCT_NAME = "$(TARGET_NAME)";
				SWIFT_VERSION = 3.0;
				TEST_HOST = "$(BUILT_PRODUCTS_DIR)/Thai Ko Gym.app/Thai Ko Gym";
			};
			name = "App Store";
		};
		450903599BC040CB8B971213AADB68E4 /* App Store */ = {
			isa = XCBuildConfiguration;
			baseConfigurationReference = 94E0B852771D23476E858616A1B6C8B1 /* App Store.xcconfig */;
			buildSettings = {
				ALWAYS_SEARCH_USER_PATHS = NO;
				CLANG_ANALYZER_NONNULL = YES;
				CLANG_CXX_LANGUAGE_STANDARD = "gnu++0x";
				CLANG_CXX_LIBRARY = "libc++";
				CLANG_ENABLE_MODULES = YES;
				CLANG_ENABLE_OBJC_ARC = YES;
				CLANG_WARN_BOOL_CONVERSION = YES;
				CLANG_WARN_CONSTANT_CONVERSION = YES;
				CLANG_WARN_DIRECT_OBJC_ISA_USAGE = YES_ERROR;
				CLANG_WARN_DOCUMENTATION_COMMENTS = YES;
				CLANG_WARN_EMPTY_BODY = YES;
				CLANG_WARN_ENUM_CONVERSION = YES;
				CLANG_WARN_INFINITE_RECURSION = YES;
				CLANG_WARN_INT_CONVERSION = YES;
				CLANG_WARN_OBJC_ROOT_CLASS = YES_ERROR;
				CLANG_WARN_SUSPICIOUS_MOVE = YES;
				CLANG_WARN_SUSPICIOUS_MOVES = YES;
				CLANG_WARN_UNREACHABLE_CODE = YES;
				CLANG_WARN__DUPLICATE_METHOD_MATCH = YES;
				"CODE_SIGN_IDENTITY[sdk=iphoneos*]" = "iPhone Developer";
				COPY_PHASE_STRIP = NO;
				DEBUG_INFORMATION_FORMAT = "dwarf-with-dsym";
				ENABLE_NS_ASSERTIONS = NO;
				ENABLE_STRICT_OBJC_MSGSEND = YES;
				GCC_C_LANGUAGE_STANDARD = gnu99;
				GCC_NO_COMMON_BLOCKS = YES;
				GCC_WARN_64_TO_32_BIT_CONVERSION = YES;
				GCC_WARN_ABOUT_RETURN_TYPE = YES_ERROR;
				GCC_WARN_UNDECLARED_SELECTOR = YES;
				GCC_WARN_UNINITIALIZED_AUTOS = YES_AGGRESSIVE;
				GCC_WARN_UNUSED_FUNCTION = YES;
				GCC_WARN_UNUSED_VARIABLE = YES;
				IPHONEOS_DEPLOYMENT_TARGET = 10.0;
				MTL_ENABLE_DEBUG_INFO = NO;
				SDKROOT = iphoneos;
				SWIFT_OPTIMIZATION_LEVEL = "-Owholemodule";
				TARGETED_DEVICE_FAMILY = "1,2";
				VALIDATE_PRODUCT = YES;
			};
			name = "App Store";
		};
		53DF6334E4DE4C25822BFD29D50D1D39 /* Debug */ = {
			isa = XCBuildConfiguration;
			baseConfigurationReference = AC582038BF468A9054C0DC3E /* Pods-Thai Ko Gym Tests.debug.xcconfig */;
			buildSettings = {
				BUNDLE_LOADER = "$(TEST_HOST)";
				DEVELOPMENT_TEAM = 743AM63YFU;
				INFOPLIST_FILE = "Thai Ko Gym Tests/Supporting Files/Info.plist";
				LD_RUNPATH_SEARCH_PATHS = "$(inherited) @executable_path/Frameworks @loader_path/Frameworks";
				PRODUCT_NAME = "$(TARGET_NAME)";
				SWIFT_VERSION = 3.0;
				TEST_HOST = "$(BUILT_PRODUCTS_DIR)/Thai Ko Gym.app/Thai Ko Gym";
			};
			name = Debug;
		};
		BA909CF594E17516955FEBF5625D1F81 /* Debug */ = {
			isa = XCBuildConfiguration;
			baseConfigurationReference = 1B36A3A2ECBC9B3D68EB2515 /* Pods-Thai Ko Gym.debug.xcconfig */;
			buildSettings = {
				ALWAYS_EMBED_SWIFT_STANDARD_LIBRARIES = YES;
				CODE_SIGN_ENTITLEMENTS = "Thai Ko Gym/Supporting Files/Thai Ko Gym.entitlements";
				CURRENT_PROJECT_VERSION = 1;
				DEVELOPMENT_TEAM = 743AM63YFU;
				FRAMEWORK_SEARCH_PATHS = (
					"$(inherited)",
					"$(PROJECT_DIR)",
					"$(PROJECT_DIR)/Vendor",
				);
				INFOPLIST_FILE = "Thai Ko Gym/Supporting Files/Info.plist";
				IPHONEOS_DEPLOYMENT_TARGET = 9.3;
				LD_RUNPATH_SEARCH_PATHS = "$(inherited) @executable_path/Frameworks";
				PRODUCT_NAME = "$(TARGET_NAME)";
				SWIFT_OBJC_BRIDGING_HEADER = "$(SRCROOT)/Thai Ko Gym/Supporting Files/Bridging-Header.h";
				SWIFT_VERSION = 3.0;
			};
			name = Debug;
		};
		DF35D08F1521DB2E9D696CCE4F70B17F /* Staging */ = {
			isa = XCBuildConfiguration;
			baseConfigurationReference = 2E4172891D9C18CCE2A04C3F /* Pods-Thai Ko Gym Tests.staging.xcconfig */;
			buildSettings = {
				BUNDLE_LOADER = "$(TEST_HOST)";
				DEVELOPMENT_TEAM = 743AM63YFU;
				INFOPLIST_FILE = "Thai Ko Gym Tests/Supporting Files/Info.plist";
				LD_RUNPATH_SEARCH_PATHS = "$(inherited) @executable_path/Frameworks @loader_path/Frameworks";
				PRODUCT_NAME = "$(TARGET_NAME)";
				SWIFT_VERSION = 3.0;
				TEST_HOST = "$(BUILT_PRODUCTS_DIR)/Thai Ko Gym.app/Thai Ko Gym";
			};
			name = Staging;
		};
		EDD51E20D4E7866880F7ECB6DC210361 /* App Store */ = {
			isa = XCBuildConfiguration;
			baseConfigurationReference = 4F94FD6E918F3E59937F97C8 /* Pods-Thai Ko Gym.app store.xcconfig */;
			buildSettings = {
				ALWAYS_EMBED_SWIFT_STANDARD_LIBRARIES = YES;
				CODE_SIGN_ENTITLEMENTS = "Thai Ko Gym/Supporting Files/Thai Ko Gym.entitlements";
				CURRENT_PROJECT_VERSION = 1;
				DEVELOPMENT_TEAM = 743AM63YFU;
				FRAMEWORK_SEARCH_PATHS = (
					"$(inherited)",
					"$(PROJECT_DIR)",
					"$(PROJECT_DIR)/Vendor",
				);
				INFOPLIST_FILE = "Thai Ko Gym/Supporting Files/Info.plist";
				IPHONEOS_DEPLOYMENT_TARGET = 9.3;
				LD_RUNPATH_SEARCH_PATHS = "$(inherited) @executable_path/Frameworks";
				PRODUCT_NAME = "$(TARGET_NAME)";
				SWIFT_OBJC_BRIDGING_HEADER = "$(SRCROOT)/Thai Ko Gym/Supporting Files/Bridging-Header.h";
				SWIFT_VERSION = 3.0;
			};
			name = "App Store";
		};
/* End XCBuildConfiguration section */

/* Begin XCConfigurationList section */
		4B6504A2BAEBD481FCCDC89BBC396C4A /* Build configuration list for PBXProject "Thai Ko Gym" */ = {
			isa = XCConfigurationList;
			buildConfigurations = (
				1EC36F036560158C3128F89DC629B165 /* Debug */,
				0B8D50B0B331AC36BB13601CBAA97EA5 /* Staging */,
				450903599BC040CB8B971213AADB68E4 /* App Store */,
			);
			defaultConfigurationIsVisible = 0;
			defaultConfigurationName = Staging;
		};
		4DA102FD4AEB00F514CC63CAE161A00F /* Build configuration list for PBXNativeTarget "Thai Ko Gym" */ = {
			isa = XCConfigurationList;
			buildConfigurations = (
				BA909CF594E17516955FEBF5625D1F81 /* Debug */,
				0468A2CCF1A570A9A6755793526B0647 /* Staging */,
				EDD51E20D4E7866880F7ECB6DC210361 /* App Store */,
			);
			defaultConfigurationIsVisible = 0;
			defaultConfigurationName = Staging;
		};
		B20998BA13E8779773EED0705AFF48F9 /* Build configuration list for PBXNativeTarget "Thai Ko Gym Tests" */ = {
			isa = XCConfigurationList;
			buildConfigurations = (
				53DF6334E4DE4C25822BFD29D50D1D39 /* Debug */,
				DF35D08F1521DB2E9D696CCE4F70B17F /* Staging */,
				3060D022B70202E31D4A040B945FA9CA /* App Store */,
			);
			defaultConfigurationIsVisible = 0;
			defaultConfigurationName = Staging;
		};
/* End XCConfigurationList section */
	};
	rootObject = 54018F7278675F91ACD64B3B4010ECFA /* Project object */;
}
